
Microsoft Visual Studio Solution File, Format Version 12.00
# Visual Studio Version 17
VisualStudioVersion = 17.10.35122.118
MinimumVisualStudioVersion = 10.0.40219.1
Project("{8BC9CEB8-8B4A-11D0-8D11-00A0C91BC942}") = "HelloAlgo", "HelloAlgo\HelloAlgo.vcxproj", "{48B8FE50-1699-4D5C-B03A-79315FE5F5B5}"
EndProject
Project("{8BC9CEB8-8B4A-11D0-8D11-00A0C91BC942}") = "ArrayTest", "ArrayTest\ArrayTest.vcxproj", "{A6843694-8401-4C4F-891C-A79FDE0237D5}"
EndProject
Project("{8BC9CEB8-8B4A-11D0-8D11-00A0C91BC942}") = "2557", "2557\2557.vcxproj", "{7824442E-B814-4263-BF30-4A6DE440DAEA}"
EndProject
Project("{8BC9CEB8-8B4A-11D0-8D11-00A0C91BC942}") = "1000", "1000\1000.vcxproj", "{11FFD7F3-BDA6-4FCE-818E-5989434BBDA0}"
EndProject
Project("{8BC9CEB8-8B4A-11D0-8D11-00A0C91BC942}") = "1001", "1001\1001.vcxproj", "{9E232BA4-9820-4BDF-9B67-C8458DF2678B}"
EndProject
Project("{8BC9CEB8-8B4A-11D0-8D11-00A0C91BC942}") = "10998", "10998\10998.vcxproj", "{19DDA739-63A8-4262-B5C0-702BBB3A9F82}"
EndProject
Project("{8BC9CEB8-8B4A-11D0-8D11-00A0C91BC942}") = "1008", "1008\1008.vcxproj", "{CB5476F1-FF06-42F6-AE86-EE53902919B4}"
EndProject
Project("{8BC9CEB8-8B4A-11D0-8D11-00A0C91BC942}") = "10869", "10869\10869.vcxproj", "{AC2EA2E4-0BDE-420D-92F1-C7A7C3A43828}"
EndProject
Project("{8BC9CEB8-8B4A-11D0-8D11-00A0C91BC942}") = "10926", "10926\10926.vcxproj", "{31B938AC-6172-40F2-86A2-AF3DE68F00F8}"
EndProject
Project("{8BC9CEB8-8B4A-11D0-8D11-00A0C91BC942}") = "18108", "18108\18108.vcxproj", "{3C0580B8-A5EF-4150-946A-CCF693B3171A}"
EndProject
Project("{8BC9CEB8-8B4A-11D0-8D11-00A0C91BC942}") = "10430", "10430\10430.vcxproj", "{E18C4A3D-A385-4CAB-BF28-8FCD3F873D93}"
EndProject
Project("{8BC9CEB8-8B4A-11D0-8D11-00A0C91BC942}") = "11382", "11382\11382.vcxproj", "{8A031381-257E-4582-A45A-1BF6B014202E}"
EndProject
Project("{8BC9CEB8-8B4A-11D0-8D11-00A0C91BC942}") = "10171", "10171\10171.vcxproj", "{1286FBBD-8D48-4D64-B9D5-776975026268}"
EndProject
Project("{8BC9CEB8-8B4A-11D0-8D11-00A0C91BC942}") = "10172", "10172\10172.vcxproj", "{DEAC00A8-616A-4DE8-BC63-F4B6F123DBE9}"
EndProject
Project("{8BC9CEB8-8B4A-11D0-8D11-00A0C91BC942}") = "1330", "1330\1330.vcxproj", "{AE34DA41-2517-4F29-B309-A9A3109DC0B1}"
EndProject
Project("{8BC9CEB8-8B4A-11D0-8D11-00A0C91BC942}") = "9498", "9498\9498.vcxproj", "{EC711C45-65C3-4388-88DF-CDE3DF609137}"
EndProject
Project("{8BC9CEB8-8B4A-11D0-8D11-00A0C91BC942}") = "2753", "2753\2753.vcxproj", "{0D39B6A4-C673-4266-906E-9183FC380580}"
EndProject
Project("{8BC9CEB8-8B4A-11D0-8D11-00A0C91BC942}") = "14681", "14681\14681.vcxproj", "{5F171798-C23F-46A8-AAD9-75D2FEE685FB}"
EndProject
Project("{8BC9CEB8-8B4A-11D0-8D11-00A0C91BC942}") = "2884", "2884\2884.vcxproj", "{D66EB704-57F3-43F8-8805-4A23D4DD7151}"
EndProject
Global
	GlobalSection(SolutionConfigurationPlatforms) = preSolution
		Debug|x64 = Debug|x64
		Debug|x86 = Debug|x86
		Release|x64 = Release|x64
		Release|x86 = Release|x86
	EndGlobalSection
	GlobalSection(ProjectConfigurationPlatforms) = postSolution
		{48B8FE50-1699-4D5C-B03A-79315FE5F5B5}.Debug|x64.ActiveCfg = Debug|x64
		{48B8FE50-1699-4D5C-B03A-79315FE5F5B5}.Debug|x64.Build.0 = Debug|x64
		{48B8FE50-1699-4D5C-B03A-79315FE5F5B5}.Debug|x86.ActiveCfg = Debug|Win32
		{48B8FE50-1699-4D5C-B03A-79315FE5F5B5}.Debug|x86.Build.0 = Debug|Win32
		{48B8FE50-1699-4D5C-B03A-79315FE5F5B5}.Release|x64.ActiveCfg = Release|x64
		{48B8FE50-1699-4D5C-B03A-79315FE5F5B5}.Release|x64.Build.0 = Release|x64
		{48B8FE50-1699-4D5C-B03A-79315FE5F5B5}.Release|x86.ActiveCfg = Release|Win32
		{48B8FE50-1699-4D5C-B03A-79315FE5F5B5}.Release|x86.Build.0 = Release|Win32
		{A6843694-8401-4C4F-891C-A79FDE0237D5}.Debug|x64.ActiveCfg = Debug|x64
		{A6843694-8401-4C4F-891C-A79FDE0237D5}.Debug|x64.Build.0 = Debug|x64
		{A6843694-8401-4C4F-891C-A79FDE0237D5}.Debug|x86.ActiveCfg = Debug|Win32
		{A6843694-8401-4C4F-891C-A79FDE0237D5}.Debug|x86.Build.0 = Debug|Win32
		{A6843694-8401-4C4F-891C-A79FDE0237D5}.Release|x64.ActiveCfg = Release|x64
		{A6843694-8401-4C4F-891C-A79FDE0237D5}.Release|x64.Build.0 = Release|x64
		{A6843694-8401-4C4F-891C-A79FDE0237D5}.Release|x86.ActiveCfg = Release|Win32
		{A6843694-8401-4C4F-891C-A79FDE0237D5}.Release|x86.Build.0 = Release|Win32
		{7824442E-B814-4263-BF30-4A6DE440DAEA}.Debug|x64.ActiveCfg = Debug|x64
		{7824442E-B814-4263-BF30-4A6DE440DAEA}.Debug|x64.Build.0 = Debug|x64
		{7824442E-B814-4263-BF30-4A6DE440DAEA}.Debug|x86.ActiveCfg = Debug|Win32
		{7824442E-B814-4263-BF30-4A6DE440DAEA}.Debug|x86.Build.0 = Debug|Win32
		{7824442E-B814-4263-BF30-4A6DE440DAEA}.Release|x64.ActiveCfg = Release|x64
		{7824442E-B814-4263-BF30-4A6DE440DAEA}.Release|x64.Build.0 = Release|x64
		{7824442E-B814-4263-BF30-4A6DE440DAEA}.Release|x86.ActiveCfg = Release|Win32
		{7824442E-B814-4263-BF30-4A6DE440DAEA}.Release|x86.Build.0 = Release|Win32
		{11FFD7F3-BDA6-4FCE-818E-5989434BBDA0}.Debug|x64.ActiveCfg = Debug|x64
		{11FFD7F3-BDA6-4FCE-818E-5989434BBDA0}.Debug|x64.Build.0 = Debug|x64
		{11FFD7F3-BDA6-4FCE-818E-5989434BBDA0}.Debug|x86.ActiveCfg = Debug|Win32
		{11FFD7F3-BDA6-4FCE-818E-5989434BBDA0}.Debug|x86.Build.0 = Debug|Win32
		{11FFD7F3-BDA6-4FCE-818E-5989434BBDA0}.Release|x64.ActiveCfg = Release|x64
		{11FFD7F3-BDA6-4FCE-818E-5989434BBDA0}.Release|x64.Build.0 = Release|x64
		{11FFD7F3-BDA6-4FCE-818E-5989434BBDA0}.Release|x86.ActiveCfg = Release|Win32
		{11FFD7F3-BDA6-4FCE-818E-5989434BBDA0}.Release|x86.Build.0 = Release|Win32
		{9E232BA4-9820-4BDF-9B67-C8458DF2678B}.Debug|x64.ActiveCfg = Debug|x64
		{9E232BA4-9820-4BDF-9B67-C8458DF2678B}.Debug|x64.Build.0 = Debug|x64
		{9E232BA4-9820-4BDF-9B67-C8458DF2678B}.Debug|x86.ActiveCfg = Debug|Win32
		{9E232BA4-9820-4BDF-9B67-C8458DF2678B}.Debug|x86.Build.0 = Debug|Win32
		{9E232BA4-9820-4BDF-9B67-C8458DF2678B}.Release|x64.ActiveCfg = Release|x64
		{9E232BA4-9820-4BDF-9B67-C8458DF2678B}.Release|x64.Build.0 = Release|x64
		{9E232BA4-9820-4BDF-9B67-C8458DF2678B}.Release|x86.ActiveCfg = Release|Win32
		{9E232BA4-9820-4BDF-9B67-C8458DF2678B}.Release|x86.Build.0 = Release|Win32
		{19DDA739-63A8-4262-B5C0-702BBB3A9F82}.Debug|x64.ActiveCfg = Debug|x64
		{19DDA739-63A8-4262-B5C0-702BBB3A9F82}.Debug|x64.Build.0 = Debug|x64
		{19DDA739-63A8-4262-B5C0-702BBB3A9F82}.Debug|x86.ActiveCfg = Debug|Win32
		{19DDA739-63A8-4262-B5C0-702BBB3A9F82}.Debug|x86.Build.0 = Debug|Win32
		{19DDA739-63A8-4262-B5C0-702BBB3A9F82}.Release|x64.ActiveCfg = Release|x64
		{19DDA739-63A8-4262-B5C0-702BBB3A9F82}.Release|x64.Build.0 = Release|x64
		{19DDA739-63A8-4262-B5C0-702BBB3A9F82}.Release|x86.ActiveCfg = Release|Win32
		{19DDA739-63A8-4262-B5C0-702BBB3A9F82}.Release|x86.Build.0 = Release|Win32
		{CB5476F1-FF06-42F6-AE86-EE53902919B4}.Debug|x64.ActiveCfg = Debug|x64
		{CB5476F1-FF06-42F6-AE86-EE53902919B4}.Debug|x64.Build.0 = Debug|x64
		{CB5476F1-FF06-42F6-AE86-EE53902919B4}.Debug|x86.ActiveCfg = Debug|Win32
		{CB5476F1-FF06-42F6-AE86-EE53902919B4}.Debug|x86.Build.0 = Debug|Win32
		{CB5476F1-FF06-42F6-AE86-EE53902919B4}.Release|x64.ActiveCfg = Release|x64
		{CB5476F1-FF06-42F6-AE86-EE53902919B4}.Release|x64.Build.0 = Release|x64
		{CB5476F1-FF06-42F6-AE86-EE53902919B4}.Release|x86.ActiveCfg = Release|Win32
		{CB5476F1-FF06-42F6-AE86-EE53902919B4}.Release|x86.Build.0 = Release|Win32
		{AC2EA2E4-0BDE-420D-92F1-C7A7C3A43828}.Debug|x64.ActiveCfg = Debug|x64
		{AC2EA2E4-0BDE-420D-92F1-C7A7C3A43828}.Debug|x64.Build.0 = Debug|x64
		{AC2EA2E4-0BDE-420D-92F1-C7A7C3A43828}.Debug|x86.ActiveCfg = Debug|Win32
		{AC2EA2E4-0BDE-420D-92F1-C7A7C3A43828}.Debug|x86.Build.0 = Debug|Win32
		{AC2EA2E4-0BDE-420D-92F1-C7A7C3A43828}.Release|x64.ActiveCfg = Release|x64
		{AC2EA2E4-0BDE-420D-92F1-C7A7C3A43828}.Release|x64.Build.0 = Release|x64
		{AC2EA2E4-0BDE-420D-92F1-C7A7C3A43828}.Release|x86.ActiveCfg = Release|Win32
		{AC2EA2E4-0BDE-420D-92F1-C7A7C3A43828}.Release|x86.Build.0 = Release|Win32
		{31B938AC-6172-40F2-86A2-AF3DE68F00F8}.Debug|x64.ActiveCfg = Debug|x64
		{31B938AC-6172-40F2-86A2-AF3DE68F00F8}.Debug|x64.Build.0 = Debug|x64
		{31B938AC-6172-40F2-86A2-AF3DE68F00F8}.Debug|x86.ActiveCfg = Debug|Win32
		{31B938AC-6172-40F2-86A2-AF3DE68F00F8}.Debug|x86.Build.0 = Debug|Win32
		{31B938AC-6172-40F2-86A2-AF3DE68F00F8}.Release|x64.ActiveCfg = Release|x64
		{31B938AC-6172-40F2-86A2-AF3DE68F00F8}.Release|x64.Build.0 = Release|x64
		{31B938AC-6172-40F2-86A2-AF3DE68F00F8}.Release|x86.ActiveCfg = Release|Win32
		{31B938AC-6172-40F2-86A2-AF3DE68F00F8}.Release|x86.Build.0 = Release|Win32
		{3C0580B8-A5EF-4150-946A-CCF693B3171A}.Debug|x64.ActiveCfg = Debug|x64
		{3C0580B8-A5EF-4150-946A-CCF693B3171A}.Debug|x64.Build.0 = Debug|x64
		{3C0580B8-A5EF-4150-946A-CCF693B3171A}.Debug|x86.ActiveCfg = Debug|Win32
		{3C0580B8-A5EF-4150-946A-CCF693B3171A}.Debug|x86.Build.0 = Debug|Win32
		{3C0580B8-A5EF-4150-946A-CCF693B3171A}.Release|x64.ActiveCfg = Release|x64
		{3C0580B8-A5EF-4150-946A-CCF693B3171A}.Release|x64.Build.0 = Release|x64
		{3C0580B8-A5EF-4150-946A-CCF693B3171A}.Release|x86.ActiveCfg = Release|Win32
		{3C0580B8-A5EF-4150-946A-CCF693B3171A}.Release|x86.Build.0 = Release|Win32
		{E18C4A3D-A385-4CAB-BF28-8FCD3F873D93}.Debug|x64.ActiveCfg = Debug|x64
		{E18C4A3D-A385-4CAB-BF28-8FCD3F873D93}.Debug|x64.Build.0 = Debug|x64
		{E18C4A3D-A385-4CAB-BF28-8FCD3F873D93}.Debug|x86.ActiveCfg = Debug|Win32
		{E18C4A3D-A385-4CAB-BF28-8FCD3F873D93}.Debug|x86.Build.0 = Debug|Win32
		{E18C4A3D-A385-4CAB-BF28-8FCD3F873D93}.Release|x64.ActiveCfg = Release|x64
		{E18C4A3D-A385-4CAB-BF28-8FCD3F873D93}.Release|x64.Build.0 = Release|x64
		{E18C4A3D-A385-4CAB-BF28-8FCD3F873D93}.Release|x86.ActiveCfg = Release|Win32
		{E18C4A3D-A385-4CAB-BF28-8FCD3F873D93}.Release|x86.Build.0 = Release|Win32
		{8A031381-257E-4582-A45A-1BF6B014202E}.Debug|x64.ActiveCfg = Debug|x64
		{8A031381-257E-4582-A45A-1BF6B014202E}.Debug|x64.Build.0 = Debug|x64
		{8A031381-257E-4582-A45A-1BF6B014202E}.Debug|x86.ActiveCfg = Debug|Win32
		{8A031381-257E-4582-A45A-1BF6B014202E}.Debug|x86.Build.0 = Debug|Win32
		{8A031381-257E-4582-A45A-1BF6B014202E}.Release|x64.ActiveCfg = Release|x64
		{8A031381-257E-4582-A45A-1BF6B014202E}.Release|x64.Build.0 = Release|x64
		{8A031381-257E-4582-A45A-1BF6B014202E}.Release|x86.ActiveCfg = Release|Win32
		{8A031381-257E-4582-A45A-1BF6B014202E}.Release|x86.Build.0 = Release|Win32
		{1286FBBD-8D48-4D64-B9D5-776975026268}.Debug|x64.ActiveCfg = Debug|x64
		{1286FBBD-8D48-4D64-B9D5-776975026268}.Debug|x64.Build.0 = Debug|x64
		{1286FBBD-8D48-4D64-B9D5-776975026268}.Debug|x86.ActiveCfg = Debug|Win32
		{1286FBBD-8D48-4D64-B9D5-776975026268}.Debug|x86.Build.0 = Debug|Win32
		{1286FBBD-8D48-4D64-B9D5-776975026268}.Release|x64.ActiveCfg = Release|x64
		{1286FBBD-8D48-4D64-B9D5-776975026268}.Release|x64.Build.0 = Release|x64
		{1286FBBD-8D48-4D64-B9D5-776975026268}.Release|x86.ActiveCfg = Release|Win32
		{1286FBBD-8D48-4D64-B9D5-776975026268}.Release|x86.Build.0 = Release|Win32
		{DEAC00A8-616A-4DE8-BC63-F4B6F123DBE9}.Debug|x64.ActiveCfg = Debug|x64
		{DEAC00A8-616A-4DE8-BC63-F4B6F123DBE9}.Debug|x64.Build.0 = Debug|x64
		{DEAC00A8-616A-4DE8-BC63-F4B6F123DBE9}.Debug|x86.ActiveCfg = Debug|Win32
		{DEAC00A8-616A-4DE8-BC63-F4B6F123DBE9}.Debug|x86.Build.0 = Debug|Win32
		{DEAC00A8-616A-4DE8-BC63-F4B6F123DBE9}.Release|x64.ActiveCfg = Release|x64
		{DEAC00A8-616A-4DE8-BC63-F4B6F123DBE9}.Release|x64.Build.0 = Release|x64
		{DEAC00A8-616A-4DE8-BC63-F4B6F123DBE9}.Release|x86.ActiveCfg = Release|Win32
		{DEAC00A8-616A-4DE8-BC63-F4B6F123DBE9}.Release|x86.Build.0 = Release|Win32
		{AE34DA41-2517-4F29-B309-A9A3109DC0B1}.Debug|x64.ActiveCfg = Debug|x64
		{AE34DA41-2517-4F29-B309-A9A3109DC0B1}.Debug|x64.Build.0 = Debug|x64
		{AE34DA41-2517-4F29-B309-A9A3109DC0B1}.Debug|x86.ActiveCfg = Debug|Win32
		{AE34DA41-2517-4F29-B309-A9A3109DC0B1}.Debug|x86.Build.0 = Debug|Win32
		{AE34DA41-2517-4F29-B309-A9A3109DC0B1}.Release|x64.ActiveCfg = Release|x64
		{AE34DA41-2517-4F29-B309-A9A3109DC0B1}.Release|x64.Build.0 = Release|x64
		{AE34DA41-2517-4F29-B309-A9A3109DC0B1}.Release|x86.ActiveCfg = Release|Win32
		{AE34DA41-2517-4F29-B309-A9A3109DC0B1}.Release|x86.Build.0 = Release|Win32
		{EC711C45-65C3-4388-88DF-CDE3DF609137}.Debug|x64.ActiveCfg = Debug|x64
		{EC711C45-65C3-4388-88DF-CDE3DF609137}.Debug|x64.Build.0 = Debug|x64
		{EC711C45-65C3-4388-88DF-CDE3DF609137}.Debug|x86.ActiveCfg = Debug|Win32
		{EC711C45-65C3-4388-88DF-CDE3DF609137}.Debug|x86.Build.0 = Debug|Win32
		{EC711C45-65C3-4388-88DF-CDE3DF609137}.Release|x64.ActiveCfg = Release|x64
		{EC711C45-65C3-4388-88DF-CDE3DF609137}.Release|x64.Build.0 = Release|x64
		{EC711C45-65C3-4388-88DF-CDE3DF609137}.Release|x86.ActiveCfg = Release|Win32
		{EC711C45-65C3-4388-88DF-CDE3DF609137}.Release|x86.Build.0 = Release|Win32
		{0D39B6A4-C673-4266-906E-9183FC380580}.Debug|x64.ActiveCfg = Debug|x64
		{0D39B6A4-C673-4266-906E-9183FC380580}.Debug|x64.Build.0 = Debug|x64
		{0D39B6A4-C673-4266-906E-9183FC380580}.Debug|x86.ActiveCfg = Debug|Win32
		{0D39B6A4-C673-4266-906E-9183FC380580}.Debug|x86.Build.0 = Debug|Win32
		{0D39B6A4-C673-4266-906E-9183FC380580}.Release|x64.ActiveCfg = Release|x64
		{0D39B6A4-C673-4266-906E-9183FC380580}.Release|x64.Build.0 = Release|x64
		{0D39B6A4-C673-4266-906E-9183FC380580}.Release|x86.ActiveCfg = Release|Win32
		{0D39B6A4-C673-4266-906E-9183FC380580}.Release|x86.Build.0 = Release|Win32
		{5F171798-C23F-46A8-AAD9-75D2FEE685FB}.Debug|x64.ActiveCfg = Debug|x64
		{5F171798-C23F-46A8-AAD9-75D2FEE685FB}.Debug|x64.Build.0 = Debug|x64
		{5F171798-C23F-46A8-AAD9-75D2FEE685FB}.Debug|x86.ActiveCfg = Debug|Win32
		{5F171798-C23F-46A8-AAD9-75D2FEE685FB}.Debug|x86.Build.0 = Debug|Win32
		{5F171798-C23F-46A8-AAD9-75D2FEE685FB}.Release|x64.ActiveCfg = Release|x64
		{5F171798-C23F-46A8-AAD9-75D2FEE685FB}.Release|x64.Build.0 = Release|x64
		{5F171798-C23F-46A8-AAD9-75D2FEE685FB}.Release|x86.ActiveCfg = Release|Win32
		{5F171798-C23F-46A8-AAD9-75D2FEE685FB}.Release|x86.Build.0 = Release|Win32
		{D66EB704-57F3-43F8-8805-4A23D4DD7151}.Debug|x64.ActiveCfg = Debug|x64
		{D66EB704-57F3-43F8-8805-4A23D4DD7151}.Debug|x64.Build.0 = Debug|x64
		{D66EB704-57F3-43F8-8805-4A23D4DD7151}.Debug|x86.ActiveCfg = Debug|Win32
		{D66EB704-57F3-43F8-8805-4A23D4DD7151}.Debug|x86.Build.0 = Debug|Win32
		{D66EB704-57F3-43F8-8805-4A23D4DD7151}.Release|x64.ActiveCfg = Release|x64
		{D66EB704-57F3-43F8-8805-4A23D4DD7151}.Release|x64.Build.0 = Release|x64
		{D66EB704-57F3-43F8-8805-4A23D4DD7151}.Release|x86.ActiveCfg = Release|Win32
		{D66EB704-57F3-43F8-8805-4A23D4DD7151}.Release|x86.Build.0 = Release|Win32
	EndGlobalSection
	GlobalSection(SolutionProperties) = preSolution
		HideSolutionNode = FALSE
	EndGlobalSection
	GlobalSection(ExtensibilityGlobals) = postSolution
		SolutionGuid = {0AB8C68E-4720-484D-BEE9-9D54C59F4F68}
	EndGlobalSection
EndGlobal
